
Microsoft Visual Studio Solution File, Format Version 12.00
# Visual Studio 15
VisualStudioVersion = 15.0.27130.2036
MinimumVisualStudioVersion = 10.0.40219.1
Project("{FAE04EC0-301F-11D3-BF4B-00C04F79EFBC}") = "MathsLibrary", "WcfServiceLibrary1\MathsLibrary.csproj", "{B61DE8F9-8DC5-459C-9CF2-773DF6EC7E08}"
EndProject
Project("{9A19103F-16F7-4668-BE54-9A1E7A4F7556}") = "Client", "ConsoleApp1\Client.csproj", "{C88A47C3-07D1-496C-B789-4F5786A1F4F3}"
EndProject
Global
	GlobalSection(SolutionConfigurationPlatforms) = preSolution
		Debug|Any CPU = Debug|Any CPU
		Release|Any CPU = Release|Any CPU
	EndGlobalSection
	GlobalSection(ProjectConfigurationPlatforms) = postSolution
		{B61DE8F9-8DC5-459C-9CF2-773DF6EC7E08}.Debug|Any CPU.ActiveCfg = Debug|Any CPU
		{B61DE8F9-8DC5-459C-9CF2-773DF6EC7E08}.Debug|Any CPU.Build.0 = Debug|Any CPU
		{B61DE8F9-8DC5-459C-9CF2-773DF6EC7E08}.Release|Any CPU.ActiveCfg = Release|Any CPU
		{B61DE8F9-8DC5-459C-9CF2-773DF6EC7E08}.Release|Any CPU.Build.0 = Release|Any CPU
		{C88A47C3-07D1-496C-B789-4F5786A1F4F3}.Debug|Any CPU.ActiveCfg = Debug|Any CPU
		{C88A47C3-07D1-496C-B789-4F5786A1F4F3}.Debug|Any CPU.Build.0 = Debug|Any CPU
		{C88A47C3-07D1-496C-B789-4F5786A1F4F3}.Release|Any CPU.ActiveCfg = Release|Any CPU
		{C88A47C3-07D1-496C-B789-4F5786A1F4F3}.Release|Any CPU.Build.0 = Release|Any CPU
	EndGlobalSection
	GlobalSection(SolutionProperties) = preSolution
		HideSolutionNode = FALSE
	EndGlobalSection
	GlobalSection(ExtensibilityGlobals) = postSolution
		SolutionGuid = {51C4360F-8459-4853-938E-792DB7D843D7}
	EndGlobalSection
EndGlobal
